
Microsoft Visual Studio Solution File, Format Version 12.00
# Visual Studio Version 17
VisualStudioVersion = 17.5.002.0
MinimumVisualStudioVersion = 10.0.40219.1
Project("{2150E333-8FDC-42A3-9474-1A3956D46DE8}") = "src", "src", "{6278FF51-F315-4DAE-82F8-792FB8F2D20C}"
EndProject
Project("{9A19103F-16F7-4668-BE54-9A1E7A4F7556}") = "YuGiOh.Application", "src\YuGiOh.Application\YuGiOh.Application.csproj", "{283A3706-EC0B-480A-95CC-05CBCDAF84D3}"
EndProject
Project("{9A19103F-16F7-4668-BE54-9A1E7A4F7556}") = "YuGiOh.Domain", "src\YuGiOh.Domain\YuGiOh.Domain.csproj", "{9C9C8DDD-2D55-4223-8DC6-9FD88CBB9AC0}"
EndProject
Project("{9A19103F-16F7-4668-BE54-9A1E7A4F7556}") = "YuGiOh.IntegrationTests", "src\YuGiOh.IntegrationTests\YuGiOh.IntegrationTests.csproj", "{0BEC0628-7EE1-4656-AEB2-B49D609A79FC}"
EndProject
Project("{9A19103F-16F7-4668-BE54-9A1E7A4F7556}") = "YuGiOh.UnitTests", "src\YuGiOh.UnitTests\YuGiOh.UnitTests.csproj", "{79F08743-3D54-4AE8-9EA6-17512B33CD7F}"
EndProject
Project("{9A19103F-16F7-4668-BE54-9A1E7A4F7556}") = "YuGiOh.WebAPI", "src\YuGiOh.WebAPI\YuGiOh.WebAPI.csproj", "{109CC7FC-1B0F-4239-A4EF-F5409C667163}"
EndProject
Project("{9A19103F-16F7-4668-BE54-9A1E7A4F7556}") = "YuGiOh.Infrastructure", "src\YuGiOh.Infrastructure\YuGiOh.Infrastructure.csproj", "{0B98BB42-A5A6-4EEF-91FE-A66A48390527}"
EndProject
Global
	GlobalSection(SolutionConfigurationPlatforms) = preSolution
		Debug|Any CPU = Debug|Any CPU
		Release|Any CPU = Release|Any CPU
	EndGlobalSection
	GlobalSection(ProjectConfigurationPlatforms) = postSolution
		{283A3706-EC0B-480A-95CC-05CBCDAF84D3}.Debug|Any CPU.ActiveCfg = Debug|Any CPU
		{283A3706-EC0B-480A-95CC-05CBCDAF84D3}.Debug|Any CPU.Build.0 = Debug|Any CPU
		{283A3706-EC0B-480A-95CC-05CBCDAF84D3}.Release|Any CPU.ActiveCfg = Release|Any CPU
		{283A3706-EC0B-480A-95CC-05CBCDAF84D3}.Release|Any CPU.Build.0 = Release|Any CPU
		{9C9C8DDD-2D55-4223-8DC6-9FD88CBB9AC0}.Debug|Any CPU.ActiveCfg = Debug|Any CPU
		{9C9C8DDD-2D55-4223-8DC6-9FD88CBB9AC0}.Debug|Any CPU.Build.0 = Debug|Any CPU
		{9C9C8DDD-2D55-4223-8DC6-9FD88CBB9AC0}.Release|Any CPU.ActiveCfg = Release|Any CPU
		{9C9C8DDD-2D55-4223-8DC6-9FD88CBB9AC0}.Release|Any CPU.Build.0 = Release|Any CPU
		{0BEC0628-7EE1-4656-AEB2-B49D609A79FC}.Debug|Any CPU.ActiveCfg = Debug|Any CPU
		{0BEC0628-7EE1-4656-AEB2-B49D609A79FC}.Debug|Any CPU.Build.0 = Debug|Any CPU
		{0BEC0628-7EE1-4656-AEB2-B49D609A79FC}.Release|Any CPU.ActiveCfg = Release|Any CPU
		{0BEC0628-7EE1-4656-AEB2-B49D609A79FC}.Release|Any CPU.Build.0 = Release|Any CPU
		{79F08743-3D54-4AE8-9EA6-17512B33CD7F}.Debug|Any CPU.ActiveCfg = Debug|Any CPU
		{79F08743-3D54-4AE8-9EA6-17512B33CD7F}.Debug|Any CPU.Build.0 = Debug|Any CPU
		{79F08743-3D54-4AE8-9EA6-17512B33CD7F}.Release|Any CPU.ActiveCfg = Release|Any CPU
		{79F08743-3D54-4AE8-9EA6-17512B33CD7F}.Release|Any CPU.Build.0 = Release|Any CPU
		{109CC7FC-1B0F-4239-A4EF-F5409C667163}.Debug|Any CPU.ActiveCfg = Debug|Any CPU
		{109CC7FC-1B0F-4239-A4EF-F5409C667163}.Debug|Any CPU.Build.0 = Debug|Any CPU
		{109CC7FC-1B0F-4239-A4EF-F5409C667163}.Release|Any CPU.ActiveCfg = Release|Any CPU
		{109CC7FC-1B0F-4239-A4EF-F5409C667163}.Release|Any CPU.Build.0 = Release|Any CPU
		{0B98BB42-A5A6-4EEF-91FE-A66A48390527}.Debug|Any CPU.ActiveCfg = Debug|Any CPU
		{0B98BB42-A5A6-4EEF-91FE-A66A48390527}.Debug|Any CPU.Build.0 = Debug|Any CPU
		{0B98BB42-A5A6-4EEF-91FE-A66A48390527}.Release|Any CPU.ActiveCfg = Release|Any CPU
		{0B98BB42-A5A6-4EEF-91FE-A66A48390527}.Release|Any CPU.Build.0 = Release|Any CPU
		{0D467BC3-52FE-4C75-B9F0-FA6A61765B31}.Debug|Any CPU.ActiveCfg = Debug|Any CPU
		{0D467BC3-52FE-4C75-B9F0-FA6A61765B31}.Debug|Any CPU.Build.0 = Debug|Any CPU
		{0D467BC3-52FE-4C75-B9F0-FA6A61765B31}.Release|Any CPU.ActiveCfg = Release|Any CPU
		{0D467BC3-52FE-4C75-B9F0-FA6A61765B31}.Release|Any CPU.Build.0 = Release|Any CPU
		{B0197E98-1A69-46CC-B388-91AC6C8DBB86}.Debug|Any CPU.ActiveCfg = Debug|Any CPU
		{B0197E98-1A69-46CC-B388-91AC6C8DBB86}.Debug|Any CPU.Build.0 = Debug|Any CPU
		{B0197E98-1A69-46CC-B388-91AC6C8DBB86}.Release|Any CPU.ActiveCfg = Release|Any CPU
		{B0197E98-1A69-46CC-B388-91AC6C8DBB86}.Release|Any CPU.Build.0 = Release|Any CPU
		{5C7F9F46-4CC9-4D66-907F-D244A28A071F}.Debug|Any CPU.ActiveCfg = Debug|Any CPU
		{5C7F9F46-4CC9-4D66-907F-D244A28A071F}.Debug|Any CPU.Build.0 = Debug|Any CPU
		{5C7F9F46-4CC9-4D66-907F-D244A28A071F}.Release|Any CPU.ActiveCfg = Release|Any CPU
		{5C7F9F46-4CC9-4D66-907F-D244A28A071F}.Release|Any CPU.Build.0 = Release|Any CPU
		{DBB5C9DE-FD50-4169-AD45-033883093AF0}.Debug|Any CPU.ActiveCfg = Debug|Any CPU
		{DBB5C9DE-FD50-4169-AD45-033883093AF0}.Debug|Any CPU.Build.0 = Debug|Any CPU
		{DBB5C9DE-FD50-4169-AD45-033883093AF0}.Release|Any CPU.ActiveCfg = Release|Any CPU
		{DBB5C9DE-FD50-4169-AD45-033883093AF0}.Release|Any CPU.Build.0 = Release|Any CPU
		{CD4C8865-B0A8-412F-AC1C-C721866169F2}.Debug|Any CPU.ActiveCfg = Debug|Any CPU
		{CD4C8865-B0A8-412F-AC1C-C721866169F2}.Debug|Any CPU.Build.0 = Debug|Any CPU
		{CD4C8865-B0A8-412F-AC1C-C721866169F2}.Release|Any CPU.ActiveCfg = Release|Any CPU
		{CD4C8865-B0A8-412F-AC1C-C721866169F2}.Release|Any CPU.Build.0 = Release|Any CPU
		{5A862945-D51D-4AA0-9D42-DFC730CE291A}.Debug|Any CPU.ActiveCfg = Debug|Any CPU
		{5A862945-D51D-4AA0-9D42-DFC730CE291A}.Debug|Any CPU.Build.0 = Debug|Any CPU
		{5A862945-D51D-4AA0-9D42-DFC730CE291A}.Release|Any CPU.ActiveCfg = Release|Any CPU
		{5A862945-D51D-4AA0-9D42-DFC730CE291A}.Release|Any CPU.Build.0 = Release|Any CPU
		{B5E95A04-13DC-4359-8528-1DFE6A789B5B}.Debug|Any CPU.ActiveCfg = Debug|Any CPU
		{B5E95A04-13DC-4359-8528-1DFE6A789B5B}.Debug|Any CPU.Build.0 = Debug|Any CPU
		{B5E95A04-13DC-4359-8528-1DFE6A789B5B}.Release|Any CPU.ActiveCfg = Release|Any CPU
		{B5E95A04-13DC-4359-8528-1DFE6A789B5B}.Release|Any CPU.Build.0 = Release|Any CPU
		{61718302-F53B-4D93-A2BB-B334F2CE3A83}.Debug|Any CPU.ActiveCfg = Debug|Any CPU
		{61718302-F53B-4D93-A2BB-B334F2CE3A83}.Debug|Any CPU.Build.0 = Debug|Any CPU
		{61718302-F53B-4D93-A2BB-B334F2CE3A83}.Release|Any CPU.ActiveCfg = Release|Any CPU
		{61718302-F53B-4D93-A2BB-B334F2CE3A83}.Release|Any CPU.Build.0 = Release|Any CPU
	EndGlobalSection
	GlobalSection(SolutionProperties) = preSolution
		HideSolutionNode = FALSE
	EndGlobalSection
	GlobalSection(NestedProjects) = preSolution
		{283A3706-EC0B-480A-95CC-05CBCDAF84D3} = {6278FF51-F315-4DAE-82F8-792FB8F2D20C}
		{9C9C8DDD-2D55-4223-8DC6-9FD88CBB9AC0} = {6278FF51-F315-4DAE-82F8-792FB8F2D20C}
		{0BEC0628-7EE1-4656-AEB2-B49D609A79FC} = {6278FF51-F315-4DAE-82F8-792FB8F2D20C}
		{79F08743-3D54-4AE8-9EA6-17512B33CD7F} = {6278FF51-F315-4DAE-82F8-792FB8F2D20C}
		{109CC7FC-1B0F-4239-A4EF-F5409C667163} = {6278FF51-F315-4DAE-82F8-792FB8F2D20C}
		{0B98BB42-A5A6-4EEF-91FE-A66A48390527} = {6278FF51-F315-4DAE-82F8-792FB8F2D20C}
		{5FC31A4B-039E-4B08-97E0-84527818FEF8} = {9A6CC1F7-4B3B-4A41-973A-34B26B31ECA9}
		{0D467BC3-52FE-4C75-B9F0-FA6A61765B31} = {5FC31A4B-039E-4B08-97E0-84527818FEF8}
		{B0197E98-1A69-46CC-B388-91AC6C8DBB86} = {5FC31A4B-039E-4B08-97E0-84527818FEF8}
		{5C7F9F46-4CC9-4D66-907F-D244A28A071F} = {5FC31A4B-039E-4B08-97E0-84527818FEF8}
		{6009369A-7D9C-40B4-87D5-F679993650A3} = {9A6CC1F7-4B3B-4A41-973A-34B26B31ECA9}
		{DBB5C9DE-FD50-4169-AD45-033883093AF0} = {6009369A-7D9C-40B4-87D5-F679993650A3}
		{CD4C8865-B0A8-412F-AC1C-C721866169F2} = {6009369A-7D9C-40B4-87D5-F679993650A3}
		{5A862945-D51D-4AA0-9D42-DFC730CE291A} = {6009369A-7D9C-40B4-87D5-F679993650A3}
		{B5E95A04-13DC-4359-8528-1DFE6A789B5B} = {6009369A-7D9C-40B4-87D5-F679993650A3}
		{A4630651-F0D2-4181-8458-045E2260C9D9} = {5FC31A4B-039E-4B08-97E0-84527818FEF8}
		{0E91DE44-8828-4C28-B089-E867E3CBD7F1} = {A4630651-F0D2-4181-8458-045E2260C9D9}
		{61718302-F53B-4D93-A2BB-B334F2CE3A83} = {0E91DE44-8828-4C28-B089-E867E3CBD7F1}
	EndGlobalSection
	GlobalSection(ExtensibilityGlobals) = postSolution
		SolutionGuid = {B4152300-3947-486C-BC93-58722E6A1AD8}
	EndGlobalSection
EndGlobal
